{
  "requires": true,
  "lockfileVersion": 1,
  "dependencies": {
    "jest-mock-extended": {
      "version": "1.0.15",
      "resolved": "https://registry.npmjs.org/jest-mock-extended/-/jest-mock-extended-1.0.15.tgz",
      "integrity": "sha512-MFimmdIim0GF22Ire0cuuowATHUOeCRepj8C4ntlg8CeozZMQkas0TOqLJAZbv9bJzU+W9Z1jXcNesfP0x3/tw==",
      "dev": true,
      "requires": {
        "ts-essentials": "^4.0.0"
      }
    },
    "ts-essentials": {
      "version": "4.0.0",
      "resolved": "https://registry.npmjs.org/ts-essentials/-/ts-essentials-4.0.0.tgz",
      "integrity": "sha512-uQJX+SRY9mtbKU+g9kl5Fi7AEMofPCvHfJkQlaygpPmHPZrtgaBqbWFOYyiA47RhnSwwnXdepUJrgqUYxoUyhQ==",
      "dev": true
    }
  }
}
