PODS:
  - Capacitor (3.0.0):
    - CapacitorCordova
  - CapacitorApp (1.0.0):
    - Capacitor
  - CapacitorCordova (3.0.0)
  - CapacitorHaptics (1.0.0):
    - Capacitor
  - CapacitorKeyboard (1.0.0):
    - Capacitor

DEPENDENCIES:
  - "Capacitor (from `../../node_modules/@capacitor/ios`)"
  - "CapacitorApp (from `../../node_modules/@capacitor/app`)"
  - "CapacitorCordova (from `../../node_modules/@capacitor/ios`)"
  - "CapacitorHaptics (from `../../node_modules/@capacitor/haptics`)"
  - "CapacitorKeyboard (from `../../node_modules/@capacitor/keyboard`)"

EXTERNAL SOURCES:
  Capacitor:
    :path: "../../node_modules/@capacitor/ios"
  CapacitorApp:
    :path: "../../node_modules/@capacitor/app"
  CapacitorCordova:
    :path: "../../node_modules/@capacitor/ios"
  CapacitorHaptics:
    :path: "../../node_modules/@capacitor/haptics"
  CapacitorKeyboard:
    :path: "../../node_modules/@capacitor/keyboard"

SPEC CHECKSUMS:
  Capacitor: 06cd8cd01340f5b162e9528bf5569d87a6f29009
  CapacitorApp: b454206f94b8904cc95aca02b4b37fc4921ac676
  CapacitorCordova: 183c8d1af3851da6d7a371f273462c8e64e15464
  CapacitorHaptics: fb6e9a9e4f34cd0ced90426ac27722cc07ebf7a8
  CapacitorKeyboard: 3f36db065c5f216a61c6fe8135bdbc8e15dc21c4

PODFILE CHECKSUM: 1c40292aaf33cf5dc2e36c4515517eb8825fa7f4

COCOAPODS: 1.10.1
